
Microsoft Visual Studio Solution File, Format Version 12.00
# Visual Studio Version 17
VisualStudioVersion = 17.0.31903.59
MinimumVisualStudioVersion = 10.0.40219.1
Project("{FAE04EC0-301F-11D3-BF4B-00C04F79EFBC}") = "API", "API\API.csproj", "{863BF3B7-437B-4E51-8F55-E35210738994}"
EndProject
Project("{FAE04EC0-301F-11D3-BF4B-00C04F79EFBC}") = "Application", "Application\Application.csproj", "{5C88DEDF-59D9-43B1-AE54-10AAA791CDA9}"
EndProject
Project("{FAE04EC0-301F-11D3-BF4B-00C04F79EFBC}") = "Domain", "Domain\Domain.csproj", "{26311F26-86FD-4DA0-933F-F429FA8EB661}"
EndProject
Project("{FAE04EC0-301F-11D3-BF4B-00C04F79EFBC}") = "Persistence", "Persistence\Persistence.csproj", "{E736FEED-796C-4EAF-ACC3-4A75683C0ACC}"
EndProject
Global
	GlobalSection(SolutionConfigurationPlatforms) = preSolution
		Debug|Any CPU = Debug|Any CPU
		Release|Any CPU = Release|Any CPU
	EndGlobalSection
	GlobalSection(SolutionProperties) = preSolution
		HideSolutionNode = FALSE
	EndGlobalSection
	GlobalSection(ProjectConfigurationPlatforms) = postSolution
		{863BF3B7-437B-4E51-8F55-E35210738994}.Debug|Any CPU.ActiveCfg = Debug|Any CPU
		{863BF3B7-437B-4E51-8F55-E35210738994}.Debug|Any CPU.Build.0 = Debug|Any CPU
		{863BF3B7-437B-4E51-8F55-E35210738994}.Release|Any CPU.ActiveCfg = Release|Any CPU
		{863BF3B7-437B-4E51-8F55-E35210738994}.Release|Any CPU.Build.0 = Release|Any CPU
		{5C88DEDF-59D9-43B1-AE54-10AAA791CDA9}.Debug|Any CPU.ActiveCfg = Debug|Any CPU
		{5C88DEDF-59D9-43B1-AE54-10AAA791CDA9}.Debug|Any CPU.Build.0 = Debug|Any CPU
		{5C88DEDF-59D9-43B1-AE54-10AAA791CDA9}.Release|Any CPU.ActiveCfg = Release|Any CPU
		{5C88DEDF-59D9-43B1-AE54-10AAA791CDA9}.Release|Any CPU.Build.0 = Release|Any CPU
		{26311F26-86FD-4DA0-933F-F429FA8EB661}.Debug|Any CPU.ActiveCfg = Debug|Any CPU
		{26311F26-86FD-4DA0-933F-F429FA8EB661}.Debug|Any CPU.Build.0 = Debug|Any CPU
		{26311F26-86FD-4DA0-933F-F429FA8EB661}.Release|Any CPU.ActiveCfg = Release|Any CPU
		{26311F26-86FD-4DA0-933F-F429FA8EB661}.Release|Any CPU.Build.0 = Release|Any CPU
		{E736FEED-796C-4EAF-ACC3-4A75683C0ACC}.Debug|Any CPU.ActiveCfg = Debug|Any CPU
		{E736FEED-796C-4EAF-ACC3-4A75683C0ACC}.Debug|Any CPU.Build.0 = Debug|Any CPU
		{E736FEED-796C-4EAF-ACC3-4A75683C0ACC}.Release|Any CPU.ActiveCfg = Release|Any CPU
		{E736FEED-796C-4EAF-ACC3-4A75683C0ACC}.Release|Any CPU.Build.0 = Release|Any CPU
	EndGlobalSection
EndGlobal
